
Microsoft Visual Studio Solution File, Format Version 12.00
# Visual Studio Version 16
VisualStudioVersion = 16.0.33214.272
MinimumVisualStudioVersion = 10.0.40219.1
Project("{FAE04EC0-301F-11D3-BF4B-00C04F79EFBC}") = "EnvironmentExample", "EnvironmentExample\EnvironmentExample.csproj", "{2AA1F67F-B7B8-4E07-89D9-E10D01D76925}"
EndProject
Global
	GlobalSection(SolutionConfigurationPlatforms) = preSolution
		Debug|Any CPU = Debug|Any CPU
		Release|Any CPU = Release|Any CPU
	EndGlobalSection
	GlobalSection(ProjectConfigurationPlatforms) = postSolution
		{2AA1F67F-B7B8-4E07-89D9-E10D01D76925}.Debug|Any CPU.ActiveCfg = Debug|Any CPU
		{2AA1F67F-B7B8-4E07-89D9-E10D01D76925}.Debug|Any CPU.Build.0 = Debug|Any CPU
		{2AA1F67F-B7B8-4E07-89D9-E10D01D76925}.Release|Any CPU.ActiveCfg = Release|Any CPU
		{2AA1F67F-B7B8-4E07-89D9-E10D01D76925}.Release|Any CPU.Build.0 = Release|Any CPU
	EndGlobalSection
	GlobalSection(SolutionProperties) = preSolution
		HideSolutionNode = FALSE
	EndGlobalSection
	GlobalSection(ExtensibilityGlobals) = postSolution
		SolutionGuid = {EA68823E-A41C-4E0A-BAE2-A4F46A74C940}
	EndGlobalSection
EndGlobal
