
Microsoft Visual Studio Solution File, Format Version 12.00
# Visual Studio Version 16
VisualStudioVersion = 16.0.33214.272
MinimumVisualStudioVersion = 10.0.40219.1
Project("{FAE04EC0-301F-11D3-BF4B-00C04F79EFBC}") = "configurationExample", "configurationExample\configurationExample.csproj", "{0BDA5029-5DD7-4054-B3F2-C620B736D317}"
EndProject
Global
	GlobalSection(SolutionConfigurationPlatforms) = preSolution
		Debug|Any CPU = Debug|Any CPU
		Release|Any CPU = Release|Any CPU
	EndGlobalSection
	GlobalSection(ProjectConfigurationPlatforms) = postSolution
		{0BDA5029-5DD7-4054-B3F2-C620B736D317}.Debug|Any CPU.ActiveCfg = Debug|Any CPU
		{0BDA5029-5DD7-4054-B3F2-C620B736D317}.Debug|Any CPU.Build.0 = Debug|Any CPU
		{0BDA5029-5DD7-4054-B3F2-C620B736D317}.Release|Any CPU.ActiveCfg = Release|Any CPU
		{0BDA5029-5DD7-4054-B3F2-C620B736D317}.Release|Any CPU.Build.0 = Release|Any CPU
	EndGlobalSection
	GlobalSection(SolutionProperties) = preSolution
		HideSolutionNode = FALSE
	EndGlobalSection
	GlobalSection(ExtensibilityGlobals) = postSolution
		SolutionGuid = {1CC9C0D5-79EF-4ED4-97A4-FEDF1294C611}
	EndGlobalSection
EndGlobal
